
Microsoft Visual Studio Solution File, Format Version 12.00
Project("{FAE04EC0-301F-11D3-BF4B-00C04F79EFBC}") = "FristApi.Api", "FristApi.Api\FristApi.Api.csproj", "{AF06F42C-8D1A-4DE2-B5F0-9EDA135ED907}"
EndProject
Global
	GlobalSection(SolutionConfigurationPlatforms) = preSolution
		Debug|Any CPU = Debug|Any CPU
		Release|Any CPU = Release|Any CPU
	EndGlobalSection
	GlobalSection(ProjectConfigurationPlatforms) = postSolution
		{AF06F42C-8D1A-4DE2-B5F0-9EDA135ED907}.Debug|Any CPU.ActiveCfg = Debug|Any CPU
		{AF06F42C-8D1A-4DE2-B5F0-9EDA135ED907}.Debug|Any CPU.Build.0 = Debug|Any CPU
		{AF06F42C-8D1A-4DE2-B5F0-9EDA135ED907}.Release|Any CPU.ActiveCfg = Release|Any CPU
		{AF06F42C-8D1A-4DE2-B5F0-9EDA135ED907}.Release|Any CPU.Build.0 = Release|Any CPU
	EndGlobalSection
EndGlobal
